Microsoft Visual Studio Solution File, Format Version 12.00
# Visual Studio Version 17
VisualStudioVersion = 17.5.2.0
MinimumVisualStudioVersion = 10.0.40219.1
Project("{FAE04EC0-301F-11D3-BF4B-00C04F79EFBC}") = "Cato.API", "Cato.API.csproj", "{EFD6FB43-345D-F943-A851-0747175A9505}"
EndProject
Global
	GlobalSection(SolutionConfigurationPlatforms) = preSolution
		Debug|Any CPU = Debug|Any CPU
		Release|Any CPU = Release|Any CPU
	EndGlobalSection
	GlobalSection(ProjectConfigurationPlatforms) = postSolution
		{EFD6FB43-345D-F943-A851-0747175A9505}.Debug|Any CPU.ActiveCfg = Debug|Any CPU
		{EFD6FB43-345D-F943-A851-0747175A9505}.Debug|Any CPU.Build.0 = Debug|Any CPU
		{EFD6FB43-345D-F943-A851-0747175A9505}.Release|Any CPU.ActiveCfg = Release|Any CPU
		{EFD6FB43-345D-F943-A851-0747175A9505}.Release|Any CPU.Build.0 = Release|Any CPU
	EndGlobalSection
	GlobalSection(SolutionProperties) = preSolution
		HideSolutionNode = FALSE
	EndGlobalSection
	GlobalSection(ExtensibilityGlobals) = postSolution
		SolutionGuid = {649EE763-6E69-4600-9E6A-0295DE0C0EB1}
	EndGlobalSection
EndGlobal
